
Microsoft Visual Studio Solution File, Format Version 12.00
# Visual Studio 14
VisualStudioVersion = 14.0.23107.0
MinimumVisualStudioVersion = 10.0.40219.1
Project("{FAE04EC0-301F-11D3-BF4B-00C04F79EFBC}") = "Demo23", "Demo23\Demo23.csproj", "{E9ADF7C3-9724-4F0D-B670-39B67A77D3FC}"
EndProject
Global
	GlobalSection(SolutionConfigurationPlatforms) = preSolution
		Debug|Any CPU = Debug|Any CPU
		Release|Any CPU = Release|Any CPU
	EndGlobalSection
	GlobalSection(ProjectConfigurationPlatforms) = postSolution
		{E9ADF7C3-9724-4F0D-B670-39B67A77D3FC}.Debug|Any CPU.ActiveCfg = Debug|Any CPU
		{E9ADF7C3-9724-4F0D-B670-39B67A77D3FC}.Debug|Any CPU.Build.0 = Debug|Any CPU
		{E9ADF7C3-9724-4F0D-B670-39B67A77D3FC}.Release|Any CPU.ActiveCfg = Release|Any CPU
		{E9ADF7C3-9724-4F0D-B670-39B67A77D3FC}.Release|Any CPU.Build.0 = Release|Any CPU
	EndGlobalSection
	GlobalSection(SolutionProperties) = preSolution
		HideSolutionNode = FALSE
	EndGlobalSection
EndGlobal
