
Microsoft Visual Studio Solution File, Format Version 12.00
# Visual Studio 14
VisualStudioVersion = 14.0.23107.0
MinimumVisualStudioVersion = 10.0.40219.1
Project("{FAE04EC0-301F-11D3-BF4B-00C04F79EFBC}") = "Demo11", "Demo11\Demo11.csproj", "{9051AE35-C58E-4BBB-8743-BC2BA3BE514D}"
EndProject
Global
	GlobalSection(SolutionConfigurationPlatforms) = preSolution
		Debug|Any CPU = Debug|Any CPU
		Release|Any CPU = Release|Any CPU
	EndGlobalSection
	GlobalSection(ProjectConfigurationPlatforms) = postSolution
		{9051AE35-C58E-4BBB-8743-BC2BA3BE514D}.Debug|Any CPU.ActiveCfg = Debug|Any CPU
		{9051AE35-C58E-4BBB-8743-BC2BA3BE514D}.Debug|Any CPU.Build.0 = Debug|Any CPU
		{9051AE35-C58E-4BBB-8743-BC2BA3BE514D}.Release|Any CPU.ActiveCfg = Release|Any CPU
		{9051AE35-C58E-4BBB-8743-BC2BA3BE514D}.Release|Any CPU.Build.0 = Release|Any CPU
	EndGlobalSection
	GlobalSection(SolutionProperties) = preSolution
		HideSolutionNode = FALSE
	EndGlobalSection
EndGlobal
